// !$*UTF8*$!
{
	archiveVersion = 1;
	classes = {
	};
	objectVersion = 55;
	objects = {

/* Begin PBXBuildFile section */
		633857E86BCA3DF522E09B28 /* Pods_CryptoClient.framework in Frameworks */ = {isa = PBXBuildFile; fileRef = 3C3B9443EA29FA4E59928D64 /* Pods_CryptoClient.framework */; };
		93761AAC28FEE5B400BE9EDA /* SignInViewController.swift in Sources */ = {isa = PBXBuildFile; fileRef = 93761AAB28FEE5B400BE9EDA /* SignInViewController.swift */; };
		93761ABA290037E400BE9EDA /* GoogleService-Info.plist in Resources */ = {isa = PBXBuildFile; fileRef = 93761AB9290037E400BE9EDA /* GoogleService-Info.plist */; };
		93761ABD290038F600BE9EDA /* FirebaseAnalytics in Frameworks */ = {isa = PBXBuildFile; productRef = 93761ABC290038F600BE9EDA /* FirebaseAnalytics */; };
		93761ABF290038F600BE9EDA /* FirebaseAuth in Frameworks */ = {isa = PBXBuildFile; productRef = 93761ABE290038F600BE9EDA /* FirebaseAuth */; };
		93761AC1290038F600BE9EDA /* FirebaseFirestore in Frameworks */ = {isa = PBXBuildFile; productRef = 93761AC0290038F600BE9EDA /* FirebaseFirestore */; };
		93761AC3290038F600BE9EDA /* FirebaseStorage in Frameworks */ = {isa = PBXBuildFile; productRef = 93761AC2290038F600BE9EDA /* FirebaseStorage */; };
		93761AC82901763800BE9EDA /* DirectorViewController.swift in Sources */ = {isa = PBXBuildFile; fileRef = 93761AC72901763800BE9EDA /* DirectorViewController.swift */; };
		93761ACB2902796300BE9EDA /* SignUpViewController.swift in Sources */ = {isa = PBXBuildFile; fileRef = 93761ACA2902796300BE9EDA /* SignUpViewController.swift */; };
		93CAB69028EF106400E8E6F2 /* DetailsViewController.swift in Sources */ = {isa = PBXBuildFile; fileRef = 93CAB68F28EF106400E8E6F2 /* DetailsViewController.swift */; };
		93CAB69328F04EAE00E8E6F2 /* Charts in Frameworks */ = {isa = PBXBuildFile; productRef = 93CAB69228F04EAE00E8E6F2 /* Charts */; };
		93CAB69A28F40AC600E8E6F2 /* Chart.swift in Sources */ = {isa = PBXBuildFile; fileRef = 93CAB69928F40AC600E8E6F2 /* Chart.swift */; };
		93CAB69C28F57AA800E8E6F2 /* PillMarker.swift in Sources */ = {isa = PBXBuildFile; fileRef = 93CAB69B28F57AA800E8E6F2 /* PillMarker.swift */; };
		93DB6CE728E5CE01004A0BB1 /* AppDelegate.swift in Sources */ = {isa = PBXBuildFile; fileRef = 93DB6CE628E5CE01004A0BB1 /* AppDelegate.swift */; };
		93DB6CE928E5CE01004A0BB1 /* SceneDelegate.swift in Sources */ = {isa = PBXBuildFile; fileRef = 93DB6CE828E5CE01004A0BB1 /* SceneDelegate.swift */; };
		93DB6CEB28E5CE01004A0BB1 /* ViewController.swift in Sources */ = {isa = PBXBuildFile; fileRef = 93DB6CEA28E5CE01004A0BB1 /* ViewController.swift */; };
		93DB6CEE28E5CE01004A0BB1 /* Main.storyboard in Resources */ = {isa = PBXBuildFile; fileRef = 93DB6CEC28E5CE01004A0BB1 /* Main.storyboard */; };
		93DB6CF028E5CE03004A0BB1 /* Assets.xcassets in Resources */ = {isa = PBXBuildFile; fileRef = 93DB6CEF28E5CE03004A0BB1 /* Assets.xcassets */; };
		93DB6CF328E5CE03004A0BB1 /* LaunchScreen.storyboard in Resources */ = {isa = PBXBuildFile; fileRef = 93DB6CF128E5CE03004A0BB1 /* LaunchScreen.storyboard */; };
		93FF152028E713BA0080B590 /* CryptoCurrency.swift in Sources */ = {isa = PBXBuildFile; fileRef = 93FF151F28E713BA0080B590 /* CryptoCurrency.swift */; };
		93FF152228ED70D20080B590 /* CryptoTableViewCell.swift in Sources */ = {isa = PBXBuildFile; fileRef = 93FF152128ED70D20080B590 /* CryptoTableViewCell.swift */; };
/* End PBXBuildFile section */

/* Begin PBXFileReference section */
		3C3B9443EA29FA4E59928D64 /* Pods_CryptoClient.framework */ = {isa = PBXFileReference; explicitFileType = wrapper.framework; includeInIndex = 0; path = Pods_CryptoClient.framework; sourceTree = BUILT_PRODUCTS_DIR; };
		93761AAB28FEE5B400BE9EDA /* SignInViewController.swift */ = {isa = PBXFileReference; lastKnownFileType = sourcecode.swift; path = SignInViewController.swift; sourceTree = "<group>"; };
		93761AB9290037E400BE9EDA /* GoogleService-Info.plist */ = {isa = PBXFileReference; fileEncoding = 4; lastKnownFileType = text.plist.xml; path = "GoogleService-Info.plist"; sourceTree = "<group>"; };
		93761AC72901763800BE9EDA /* DirectorViewController.swift */ = {isa = PBXFileReference; lastKnownFileType = sourcecode.swift; path = DirectorViewController.swift; sourceTree = "<group>"; };
		93761ACA2902796300BE9EDA /* SignUpViewController.swift */ = {isa = PBXFileReference; lastKnownFileType = sourcecode.swift; path = SignUpViewController.swift; sourceTree = "<group>"; };
		93CAB68F28EF106400E8E6F2 /* DetailsViewController.swift */ = {isa = PBXFileReference; lastKnownFileType = sourcecode.swift; path = DetailsViewController.swift; sourceTree = "<group>"; };
		93CAB69928F40AC600E8E6F2 /* Chart.swift */ = {isa = PBXFileReference; lastKnownFileType = sourcecode.swift; path = Chart.swift; sourceTree = "<group>"; };
		93CAB69B28F57AA800E8E6F2 /* PillMarker.swift */ = {isa = PBXFileReference; lastKnownFileType = sourcecode.swift; path = PillMarker.swift; sourceTree = "<group>"; };
		93DB6CE328E5CE01004A0BB1 /* CryptoClient.app */ = {isa = PBXFileReference; explicitFileType = wrapper.application; includeInIndex = 0; path = CryptoClient.app; sourceTree = BUILT_PRODUCTS_DIR; };
		93DB6CE628E5CE01004A0BB1 /* AppDelegate.swift */ = {isa = PBXFileReference; lastKnownFileType = sourcecode.swift; path = AppDelegate.swift; sourceTree = "<group>"; };
		93DB6CE828E5CE01004A0BB1 /* SceneDelegate.swift */ = {isa = PBXFileReference; lastKnownFileType = sourcecode.swift; path = SceneDelegate.swift; sourceTree = "<group>"; };
		93DB6CEA28E5CE01004A0BB1 /* ViewController.swift */ = {isa = PBXFileReference; lastKnownFileType = sourcecode.swift; path = ViewController.swift; sourceTree = "<group>"; };
		93DB6CED28E5CE01004A0BB1 /* Base */ = {isa = PBXFileReference; lastKnownFileType = file.storyboard; name = Base; path = Base.lproj/Main.storyboard; sourceTree = "<group>"; };
		93DB6CEF28E5CE03004A0BB1 /* Assets.xcassets */ = {isa = PBXFileReference; lastKnownFileType = folder.assetcatalog; path = Assets.xcassets; sourceTree = "<group>"; };
		93DB6CF228E5CE03004A0BB1 /* Base */ = {isa = PBXFileReference; lastKnownFileType = file.storyboard; name = Base; path = Base.lproj/LaunchScreen.storyboard; sourceTree = "<group>"; };
		93DB6CF428E5CE03004A0BB1 /* Info.plist */ = {isa = PBXFileReference; lastKnownFileType = text.plist.xml; path = Info.plist; sourceTree = "<group>"; };
		93FF151F28E713BA0080B590 /* CryptoCurrency.swift */ = {isa = PBXFileReference; lastKnownFileType = sourcecode.swift; path = CryptoCurrency.swift; sourceTree = "<group>"; };
		93FF152128ED70D20080B590 /* CryptoTableViewCell.swift */ = {isa = PBXFileReference; lastKnownFileType = sourcecode.swift; path = CryptoTableViewCell.swift; sourceTree = "<group>"; };
		A7549ABB6BC07F08459DF29C /* Pods-CryptoClient.debug.xcconfig */ = {isa = PBXFileReference; includeInIndex = 1; lastKnownFileType = text.xcconfig; name = "Pods-CryptoClient.debug.xcconfig"; path = "Target Support Files/Pods-CryptoClient/Pods-CryptoClient.debug.xcconfig"; sourceTree = "<group>"; };
		A7CD8C067DF1E20DF463A152 /* Pods-CryptoClient.release.xcconfig */ = {isa = PBXFileReference; includeInIndex = 1; lastKnownFileType = text.xcconfig; name = "Pods-CryptoClient.release.xcconfig"; path = "Target Support Files/Pods-CryptoClient/Pods-CryptoClient.release.xcconfig"; sourceTree = "<group>"; };
/* End PBXFileReference section */

/* Begin PBXFrameworksBuildPhase section */
		93DB6CE028E5CE01004A0BB1 /* Frameworks */ = {
			isa = PBXFrameworksBuildPhase;
			buildActionMask = 2147483647;
			files = (
				633857E86BCA3DF522E09B28 /* Pods_CryptoClient.framework in Frameworks */,
				93CAB69328F04EAE00E8E6F2 /* Charts in Frameworks */,
				93761ABD290038F600BE9EDA /* FirebaseAnalytics in Frameworks */,
				93761AC1290038F600BE9EDA /* FirebaseFirestore in Frameworks */,
				93761ABF290038F600BE9EDA /* FirebaseAuth in Frameworks */,
				93761AC3290038F600BE9EDA /* FirebaseStorage in Frameworks */,
			);
			runOnlyForDeploymentPostprocessing = 0;
		};
/* End PBXFrameworksBuildPhase section */

/* Begin PBXGroup section */
		93761AAA28FEE4C400BE9EDA /* SignIn */ = {
			isa = PBXGroup;
			children = (
				93761AAB28FEE5B400BE9EDA /* SignInViewController.swift */,
			);
			path = SignIn;
			sourceTree = "<group>";
		};
		93761AC429016E4800BE9EDA /* Director */ = {
			isa = PBXGroup;
			children = (
				93761AC72901763800BE9EDA /* DirectorViewController.swift */,
			);
			path = Director;
			sourceTree = "<group>";
		};
		93761AC92902792600BE9EDA /* SignUp */ = {
			isa = PBXGroup;
			children = (
				93761ACA2902796300BE9EDA /* SignUpViewController.swift */,
			);
			path = SignUp;
			sourceTree = "<group>";
		};
		93CAB69728F40A7600E8E6F2 /* Model */ = {
			isa = PBXGroup;
			children = (
				93CAB69928F40AC600E8E6F2 /* Chart.swift */,
			);
			path = Model;
			sourceTree = "<group>";
		};
		93CAB69828F40A8D00E8E6F2 /* Controller */ = {
			isa = PBXGroup;
			children = (
				93CAB68F28EF106400E8E6F2 /* DetailsViewController.swift */,
			);
			path = Controller;
			sourceTree = "<group>";
		};
		93DB6CDA28E5CE01004A0BB1 = {
			isa = PBXGroup;
			children = (
				93DB6CE528E5CE01004A0BB1 /* CryptoClient */,
				93DB6CE428E5CE01004A0BB1 /* Products */,
				AA6A33242411F417C9752E16 /* Pods */,
				E07492868A77F2EF918B9D99 /* Frameworks */,
			);
			sourceTree = "<group>";
		};
		93DB6CE428E5CE01004A0BB1 /* Products */ = {
			isa = PBXGroup;
			children = (
				93DB6CE328E5CE01004A0BB1 /* CryptoClient.app */,
			);
			name = Products;
			sourceTree = "<group>";
		};
		93DB6CE528E5CE01004A0BB1 /* CryptoClient */ = {
			isa = PBXGroup;
			children = (
				93DB6CFB28E5D4CF004A0BB1 /* Screens */,
				93DB6CFA28E5D480004A0BB1 /* App */,
			);
			path = CryptoClient;
			sourceTree = "<group>";
		};
		93DB6CFA28E5D480004A0BB1 /* App */ = {
			isa = PBXGroup;
			children = (
				93DB6CE628E5CE01004A0BB1 /* AppDelegate.swift */,
				93DB6CE828E5CE01004A0BB1 /* SceneDelegate.swift */,
				93DB6CEF28E5CE03004A0BB1 /* Assets.xcassets */,
				93DB6CF128E5CE03004A0BB1 /* LaunchScreen.storyboard */,
				93DB6CF428E5CE03004A0BB1 /* Info.plist */,
				93761AB9290037E400BE9EDA /* GoogleService-Info.plist */,
			);
			path = App;
			sourceTree = "<group>";
		};
		93DB6CFB28E5D4CF004A0BB1 /* Screens */ = {
			isa = PBXGroup;
			children = (
				93761AC429016E4800BE9EDA /* Director */,
				93761AAA28FEE4C400BE9EDA /* SignIn */,
				93761AC92902792600BE9EDA /* SignUp */,
				93DB6CFC28E5D4E5004A0BB1 /* Initial */,
				93FF152328EEE2640080B590 /* Details */,
			);
			path = Screens;
			sourceTree = "<group>";
		};
		93DB6CFC28E5D4E5004A0BB1 /* Initial */ = {
			isa = PBXGroup;
			children = (
				93DB6CEC28E5CE01004A0BB1 /* Main.storyboard */,
				93FF151E28E70DE50080B590 /* Model */,
				93FF151C28E70DAE0080B590 /* View */,
				93FF151D28E70DD40080B590 /* Controller */,
			);
			path = Initial;
			sourceTree = "<group>";
		};
		93FF151C28E70DAE0080B590 /* View */ = {
			isa = PBXGroup;
			children = (
				93FF152128ED70D20080B590 /* CryptoTableViewCell.swift */,
			);
			path = View;
			sourceTree = "<group>";
		};
		93FF151D28E70DD40080B590 /* Controller */ = {
			isa = PBXGroup;
			children = (
				93DB6CEA28E5CE01004A0BB1 /* ViewController.swift */,
			);
			path = Controller;
			sourceTree = "<group>";
		};
		93FF151E28E70DE50080B590 /* Model */ = {
			isa = PBXGroup;
			children = (
				93FF151F28E713BA0080B590 /* CryptoCurrency.swift */,
			);
			path = Model;
			sourceTree = "<group>";
		};
		93FF152328EEE2640080B590 /* Details */ = {
			isa = PBXGroup;
			children = (
				93CAB69828F40A8D00E8E6F2 /* Controller */,
				93CAB69728F40A7600E8E6F2 /* Model */,
				93CAB69B28F57AA800E8E6F2 /* PillMarker.swift */,
			);
			path = Details;
			sourceTree = "<group>";
		};
		AA6A33242411F417C9752E16 /* Pods */ = {
			isa = PBXGroup;
			children = (
				A7549ABB6BC07F08459DF29C /* Pods-CryptoClient.debug.xcconfig */,
				A7CD8C067DF1E20DF463A152 /* Pods-CryptoClient.release.xcconfig */,
			);
			path = Pods;
			sourceTree = "<group>";
		};
		E07492868A77F2EF918B9D99 /* Frameworks */ = {
			isa = PBXGroup;
			children = (
				3C3B9443EA29FA4E59928D64 /* Pods_CryptoClient.framework */,
			);
			name = Frameworks;
			sourceTree = "<group>";
		};
/* End PBXGroup section */

/* Begin PBXNativeTarget section */
		93DB6CE228E5CE01004A0BB1 /* CryptoClient */ = {
			isa = PBXNativeTarget;
			buildConfigurationList = 93DB6CF728E5CE03004A0BB1 /* Build configuration list for PBXNativeTarget "CryptoClient" */;
			buildPhases = (
				097FB88C9CAFE91A4D993E2B /* [CP] Check Pods Manifest.lock */,
				93DB6CDF28E5CE01004A0BB1 /* Sources */,
				93DB6CE028E5CE01004A0BB1 /* Frameworks */,
				93DB6CE128E5CE01004A0BB1 /* Resources */,
				DC0F94A406B106BB8597419C /* [CP] Embed Pods Frameworks */,
			);
			buildRules = (
			);
			dependencies = (
			);
			name = CryptoClient;
			packageProductDependencies = (
				93CAB69228F04EAE00E8E6F2 /* Charts */,
				93761ABC290038F600BE9EDA /* FirebaseAnalytics */,
				93761ABE290038F600BE9EDA /* FirebaseAuth */,
				93761AC0290038F600BE9EDA /* FirebaseFirestore */,
				93761AC2290038F600BE9EDA /* FirebaseStorage */,
			);
			productName = CryptoClient;
			productReference = 93DB6CE328E5CE01004A0BB1 /* CryptoClient.app */;
			productType = "com.apple.product-type.application";
		};
/* End PBXNativeTarget section */

/* Begin PBXProject section */
		93DB6CDB28E5CE01004A0BB1 /* Project object */ = {
			isa = PBXProject;
			attributes = {
				BuildIndependentTargetsInParallel = 1;
				LastSwiftUpdateCheck = 1320;
				LastUpgradeCheck = 1320;
				TargetAttributes = {
					93DB6CE228E5CE01004A0BB1 = {
						CreatedOnToolsVersion = 13.2;
					};
				};
			};
			buildConfigurationList = 93DB6CDE28E5CE01004A0BB1 /* Build configuration list for PBXProject "CryptoClient" */;
			compatibilityVersion = "Xcode 13.0";
			developmentRegion = en;
			hasScannedForEncodings = 0;
			knownRegions = (
				en,
				Base,
			);
			mainGroup = 93DB6CDA28E5CE01004A0BB1;
			packageReferences = (
				93CAB69128F04EAE00E8E6F2 /* XCRemoteSwiftPackageReference "Charts" */,
				93761ABB290038F600BE9EDA /* XCRemoteSwiftPackageReference "firebase-ios-sdk" */,
			);
			productRefGroup = 93DB6CE428E5CE01004A0BB1 /* Products */;
			projectDirPath = "";
			projectRoot = "";
			targets = (
				93DB6CE228E5CE01004A0BB1 /* CryptoClient */,
			);
		};
/* End PBXProject section */

/* Begin PBXResourcesBuildPhase section */
		93DB6CE128E5CE01004A0BB1 /* Resources */ = {
			isa = PBXResourcesBuildPhase;
			buildActionMask = 2147483647;
			files = (
				93DB6CF328E5CE03004A0BB1 /* LaunchScreen.storyboard in Resources */,
				93761ABA290037E400BE9EDA /* GoogleService-Info.plist in Resources */,
				93DB6CF028E5CE03004A0BB1 /* Assets.xcassets in Resources */,
				93DB6CEE28E5CE01004A0BB1 /* Main.storyboard in Resources */,
			);
			runOnlyForDeploymentPostprocessing = 0;
		};
/* End PBXResourcesBuildPhase section */

/* Begin PBXShellScriptBuildPhase section */
		097FB88C9CAFE91A4D993E2B /* [CP] Check Pods Manifest.lock */ = {
			isa = PBXShellScriptBuildPhase;
			buildActionMask = 2147483647;
			files = (
			);
			inputFileListPaths = (
			);
			inputPaths = (
				"${PODS_PODFILE_DIR_PATH}/Podfile.lock",
				"${PODS_ROOT}/Manifest.lock",
			);
			name = "[CP] Check Pods Manifest.lock";
			outputFileListPaths = (
			);
			outputPaths = (
				"$(DERIVED_FILE_DIR)/Pods-CryptoClient-checkManifestLockResult.txt",
			);
			runOnlyForDeploymentPostprocessing = 0;
			shellPath = /bin/sh;
			shellScript = "diff \"${PODS_PODFILE_DIR_PATH}/Podfile.lock\" \"${PODS_ROOT}/Manifest.lock\" > /dev/null\nif [ $? != 0 ] ; then\n    # print error to STDERR\n    echo \"error: The sandbox is not in sync with the Podfile.lock. Run 'pod install' or update your CocoaPods installation.\" >&2\n    exit 1\nfi\n# This output is used by Xcode 'outputs' to avoid re-running this script phase.\necho \"SUCCESS\" > \"${SCRIPT_OUTPUT_FILE_0}\"\n";
			showEnvVarsInLog = 0;
		};
		DC0F94A406B106BB8597419C /* [CP] Embed Pods Frameworks */ = {
			isa = PBXShellScriptBuildPhase;
			buildActionMask = 2147483647;
			files = (
			);
			inputFileListPaths = (
				"${PODS_ROOT}/Target Support Files/Pods-CryptoClient/Pods-CryptoClient-frameworks-${CONFIGURATION}-input-files.xcfilelist",
			);
			name = "[CP] Embed Pods Frameworks";
			outputFileListPaths = (
				"${PODS_ROOT}/Target Support Files/Pods-CryptoClient/Pods-CryptoClient-frameworks-${CONFIGURATION}-output-files.xcfilelist",
			);
			runOnlyForDeploymentPostprocessing = 0;
			shellPath = /bin/sh;
			shellScript = "\"${PODS_ROOT}/Target Support Files/Pods-CryptoClient/Pods-CryptoClient-frameworks.sh\"\n";
			showEnvVarsInLog = 0;
		};
/* End PBXShellScriptBuildPhase section */

/* Begin PBXSourcesBuildPhase section */
		93DB6CDF28E5CE01004A0BB1 /* Sources */ = {
			isa = PBXSourcesBuildPhase;
			buildActionMask = 2147483647;
			files = (
				93761ACB2902796300BE9EDA /* SignUpViewController.swift in Sources */,
				93DB6CEB28E5CE01004A0BB1 /* ViewController.swift in Sources */,
				93CAB69A28F40AC600E8E6F2 /* Chart.swift in Sources */,
				93DB6CE728E5CE01004A0BB1 /* AppDelegate.swift in Sources */,
				93DB6CE928E5CE01004A0BB1 /* SceneDelegate.swift in Sources */,
				93FF152228ED70D20080B590 /* CryptoTableViewCell.swift in Sources */,
				93761AAC28FEE5B400BE9EDA /* SignInViewController.swift in Sources */,
				93FF152028E713BA0080B590 /* CryptoCurrency.swift in Sources */,
				93CAB69C28F57AA800E8E6F2 /* PillMarker.swift in Sources */,
				93761AC82901763800BE9EDA /* DirectorViewController.swift in Sources */,
				93CAB69028EF106400E8E6F2 /* DetailsViewController.swift in Sources */,
			);
			runOnlyForDeploymentPostprocessing = 0;
		};
/* End PBXSourcesBuildPhase section */

/* Begin PBXVariantGroup section */
		93DB6CEC28E5CE01004A0BB1 /* Main.storyboard */ = {
			isa = PBXVariantGroup;
			children = (
				93DB6CED28E5CE01004A0BB1 /* Base */,
			);
			name = Main.storyboard;
			sourceTree = "<group>";
		};
		93DB6CF128E5CE03004A0BB1 /* LaunchScreen.storyboard */ = {
			isa = PBXVariantGroup;
			children = (
				93DB6CF228E5CE03004A0BB1 /* Base */,
			);
			name = LaunchScreen.storyboard;
			sourceTree = "<group>";
		};
/* End PBXVariantGroup section */

/* Begin XCBuildConfiguration section */
		93DB6CF528E5CE03004A0BB1 /* Debug */ = {
			isa = XCBuildConfiguration;
			buildSettings = {
				ALWAYS_SEARCH_USER_PATHS = NO;
				CLANG_ANALYZER_NONNULL = YES;
				CLANG_ANALYZER_NUMBER_OBJECT_CONVERSION = YES_AGGRESSIVE;
				CLANG_CXX_LANGUAGE_STANDARD = "gnu++17";
				CLANG_CXX_LIBRARY = "libc++";
				CLANG_ENABLE_MODULES = YES;
				CLANG_ENABLE_OBJC_ARC = YES;
				CLANG_ENABLE_OBJC_WEAK = YES;
				CLANG_WARN_BLOCK_CAPTURE_AUTORELEASING = YES;
				CLANG_WARN_BOOL_CONVERSION = YES;
				CLANG_WARN_COMMA = YES;
				CLANG_WARN_CONSTANT_CONVERSION = YES;
				CLANG_WARN_DEPRECATED_OBJC_IMPLEMENTATIONS = YES;
				CLANG_WARN_DIRECT_OBJC_ISA_USAGE = YES_ERROR;
				CLANG_WARN_DOCUMENTATION_COMMENTS = YES;
				CLANG_WARN_EMPTY_BODY = YES;
				CLANG_WARN_ENUM_CONVERSION = YES;
				CLANG_WARN_INFINITE_RECURSION = YES;
				CLANG_WARN_INT_CONVERSION = YES;
				CLANG_WARN_NON_LITERAL_NULL_CONVERSION = YES;
				CLANG_WARN_OBJC_IMPLICIT_RETAIN_SELF = YES;
				CLANG_WARN_OBJC_LITERAL_CONVERSION = YES;
				CLANG_WARN_OBJC_ROOT_CLASS = YES_ERROR;
				CLANG_WARN_QUOTED_INCLUDE_IN_FRAMEWORK_HEADER = YES;
				CLANG_WARN_RANGE_LOOP_ANALYSIS = YES;
				CLANG_WARN_STRICT_PROTOTYPES = YES;
				CLANG_WARN_SUSPICIOUS_MOVE = YES;
				CLANG_WARN_UNGUARDED_AVAILABILITY = YES_AGGRESSIVE;
				CLANG_WARN_UNREACHABLE_CODE = YES;
				CLANG_WARN__DUPLICATE_METHOD_MATCH = YES;
				COPY_PHASE_STRIP = NO;
				DEBUG_INFORMATION_FORMAT = dwarf;
				ENABLE_STRICT_OBJC_MSGSEND = YES;
				ENABLE_TESTABILITY = YES;
				GCC_C_LANGUAGE_STANDARD = gnu11;
				GCC_DYNAMIC_NO_PIC = NO;
				GCC_NO_COMMON_BLOCKS = YES;
				GCC_OPTIMIZATION_LEVEL = 0;
				GCC_PREPROCESSOR_DEFINITIONS = (
					"DEBUG=1",
					"$(inherited)",
				);
				GCC_WARN_64_TO_32_BIT_CONVERSION = YES;
				GCC_WARN_ABOUT_RETURN_TYPE = YES_ERROR;
				GCC_WARN_UNDECLARED_SELECTOR = YES;
				GCC_WARN_UNINITIALIZED_AUTOS = YES_AGGRESSIVE;
				GCC_WARN_UNUSED_FUNCTION = YES;
				GCC_WARN_UNUSED_VARIABLE = YES;
				IPHONEOS_DEPLOYMENT_TARGET = 15.2;
				MTL_ENABLE_DEBUG_INFO = INCLUDE_SOURCE;
				MTL_FAST_MATH = YES;
				ONLY_ACTIVE_ARCH = YES;
				SDKROOT = iphoneos;
				SWIFT_ACTIVE_COMPILATION_CONDITIONS = DEBUG;
				SWIFT_OPTIMIZATION_LEVEL = "-Onone";
			};
			name = Debug;
		};
		93DB6CF628E5CE03004A0BB1 /* Release */ = {
			isa = XCBuildConfiguration;
			buildSettings = {
				ALWAYS_SEARCH_USER_PATHS = NO;
				CLANG_ANALYZER_NONNULL = YES;
				CLANG_ANALYZER_NUMBER_OBJECT_CONVERSION = YES_AGGRESSIVE;
				CLANG_CXX_LANGUAGE_STANDARD = "gnu++17";
				CLANG_CXX_LIBRARY = "libc++";
				CLANG_ENABLE_MODULES = YES;
				CLANG_ENABLE_OBJC_ARC = YES;
				CLANG_ENABLE_OBJC_WEAK = YES;
				CLANG_WARN_BLOCK_CAPTURE_AUTORELEASING = YES;
				CLANG_WARN_BOOL_CONVERSION = YES;
				CLANG_WARN_COMMA = YES;
				CLANG_WARN_CONSTANT_CONVERSION = YES;
				CLANG_WARN_DEPRECATED_OBJC_IMPLEMENTATIONS = YES;
				CLANG_WARN_DIRECT_OBJC_ISA_USAGE = YES_ERROR;
				CLANG_WARN_DOCUMENTATION_COMMENTS = YES;
				CLANG_WARN_EMPTY_BODY = YES;
				CLANG_WARN_ENUM_CONVERSION = YES;
				CLANG_WARN_INFINITE_RECURSION = YES;
				CLANG_WARN_INT_CONVERSION = YES;
				CLANG_WARN_NON_LITERAL_NULL_CONVERSION = YES;
				CLANG_WARN_OBJC_IMPLICIT_RETAIN_SELF = YES;
				CLANG_WARN_OBJC_LITERAL_CONVERSION = YES;
				CLANG_WARN_OBJC_ROOT_CLASS = YES_ERROR;
				CLANG_WARN_QUOTED_INCLUDE_IN_FRAMEWORK_HEADER = YES;
				CLANG_WARN_RANGE_LOOP_ANALYSIS = YES;
				CLANG_WARN_STRICT_PROTOTYPES = YES;
				CLANG_WARN_SUSPICIOUS_MOVE = YES;
				CLANG_WARN_UNGUARDED_AVAILABILITY = YES_AGGRESSIVE;
				CLANG_WARN_UNREACHABLE_CODE = YES;
				CLANG_WARN__DUPLICATE_METHOD_MATCH = YES;
				COPY_PHASE_STRIP = NO;
				DEBUG_INFORMATION_FORMAT = "dwarf-with-dsym";
				ENABLE_NS_ASSERTIONS = NO;
				ENABLE_STRICT_OBJC_MSGSEND = YES;
				GCC_C_LANGUAGE_STANDARD = gnu11;
				GCC_NO_COMMON_BLOCKS = YES;
				GCC_WARN_64_TO_32_BIT_CONVERSION = YES;
				GCC_WARN_ABOUT_RETURN_TYPE = YES_ERROR;
				GCC_WARN_UNDECLARED_SELECTOR = YES;
				GCC_WARN_UNINITIALIZED_AUTOS = YES_AGGRESSIVE;
				GCC_WARN_UNUSED_FUNCTION = YES;
				GCC_WARN_UNUSED_VARIABLE = YES;
				IPHONEOS_DEPLOYMENT_TARGET = 15.2;
				MTL_ENABLE_DEBUG_INFO = NO;
				MTL_FAST_MATH = YES;
				SDKROOT = iphoneos;
				SWIFT_COMPILATION_MODE = wholemodule;
				SWIFT_OPTIMIZATION_LEVEL = "-O";
				VALIDATE_PRODUCT = YES;
			};
			name = Release;
		};
		93DB6CF828E5CE03004A0BB1 /* Debug */ = {
			isa = XCBuildConfiguration;
			baseConfigurationReference = A7549ABB6BC07F08459DF29C /* Pods-CryptoClient.debug.xcconfig */;
			buildSettings = {
				ASSETCATALOG_COMPILER_APPICON_NAME = AppIcon;
				ASSETCATALOG_COMPILER_GLOBAL_ACCENT_COLOR_NAME = AccentColor;
				CODE_SIGN_STYLE = Automatic;
				CURRENT_PROJECT_VERSION = 1;
				GENERATE_INFOPLIST_FILE = YES;
				INFOPLIST_FILE = CryptoClient/App/Info.plist;
				INFOPLIST_KEY_UIApplicationSupportsIndirectInputEvents = YES;
				INFOPLIST_KEY_UILaunchStoryboardName = LaunchScreen;
				INFOPLIST_KEY_UIMainStoryboardFile = Main;
				INFOPLIST_KEY_UISupportedInterfaceOrientations_iPad = "UIInterfaceOrientationPortrait UIInterfaceOrientationPortraitUpsideDown UIInterfaceOrientationLandscapeLeft UIInterfaceOrientationLandscapeRight";
				INFOPLIST_KEY_UISupportedInterfaceOrientations_iPhone = "UIInterfaceOrientationPortrait UIInterfaceOrientationLandscapeLeft UIInterfaceOrientationLandscapeRight";
				LD_RUNPATH_SEARCH_PATHS = (
					"$(inherited)",
					"@executable_path/Frameworks",
				);
				MARKETING_VERSION = 1.0;
				PRODUCT_BUNDLE_IDENTIFIER = com.batuhanpamukcu.CryptoClient;
				PRODUCT_NAME = "$(TARGET_NAME)";
				SWIFT_EMIT_LOC_STRINGS = YES;
				SWIFT_VERSION = 5.0;
				TARGETED_DEVICE_FAMILY = "1,2";
			};
			name = Debug;
		};
		93DB6CF928E5CE03004A0BB1 /* Release */ = {
			isa = XCBuildConfiguration;
			baseConfigurationReference = A7CD8C067DF1E20DF463A152 /* Pods-CryptoClient.release.xcconfig */;
			buildSettings = {
				ASSETCATALOG_COMPILER_APPICON_NAME = AppIcon;
				ASSETCATALOG_COMPILER_GLOBAL_ACCENT_COLOR_NAME = AccentColor;
				CODE_SIGN_STYLE = Automatic;
				CURRENT_PROJECT_VERSION = 1;
				GENERATE_INFOPLIST_FILE = YES;
				INFOPLIST_FILE = CryptoClient/App/Info.plist;
				INFOPLIST_KEY_UIApplicationSupportsIndirectInputEvents = YES;
				INFOPLIST_KEY_UILaunchStoryboardName = LaunchScreen;
				INFOPLIST_KEY_UIMainStoryboardFile = Main;
				INFOPLIST_KEY_UISupportedInterfaceOrientations_iPad = "UIInterfaceOrientationPortrait UIInterfaceOrientationPortraitUpsideDown UIInterfaceOrientationLandscapeLeft UIInterfaceOrientationLandscapeRight";
				INFOPLIST_KEY_UISupportedInterfaceOrientations_iPhone = "UIInterfaceOrientationPortrait UIInterfaceOrientationLandscapeLeft UIInterfaceOrientationLandscapeRight";
				LD_RUNPATH_SEARCH_PATHS = (
					"$(inherited)",
					"@executable_path/Frameworks",
				);
				MARKETING_VERSION = 1.0;
				PRODUCT_BUNDLE_IDENTIFIER = com.batuhanpamukcu.CryptoClient;
				PRODUCT_NAME = "$(TARGET_NAME)";
				SWIFT_EMIT_LOC_STRINGS = YES;
				SWIFT_VERSION = 5.0;
				TARGETED_DEVICE_FAMILY = "1,2";
			};
			name = Release;
		};
/* End XCBuildConfiguration section */

/* Begin XCConfigurationList section */
		93DB6CDE28E5CE01004A0BB1 /* Build configuration list for PBXProject "CryptoClient" */ = {
			isa = XCConfigurationList;
			buildConfigurations = (
				93DB6CF528E5CE03004A0BB1 /* Debug */,
				93DB6CF628E5CE03004A0BB1 /* Release */,
			);
			defaultConfigurationIsVisible = 0;
			defaultConfigurationName = Release;
		};
		93DB6CF728E5CE03004A0BB1 /* Build configuration list for PBXNativeTarget "CryptoClient" */ = {
			isa = XCConfigurationList;
			buildConfigurations = (
				93DB6CF828E5CE03004A0BB1 /* Debug */,
				93DB6CF928E5CE03004A0BB1 /* Release */,
			);
			defaultConfigurationIsVisible = 0;
			defaultConfigurationName = Release;
		};
/* End XCConfigurationList section */

/* Begin XCRemoteSwiftPackageReference section */
		93761ABB290038F600BE9EDA /* XCRemoteSwiftPackageReference "firebase-ios-sdk" */ = {
			isa = XCRemoteSwiftPackageReference;
			repositoryURL = "https://github.com/firebase/firebase-ios-sdk";
			requirement = {
				kind = upToNextMajorVersion;
				minimumVersion = 9.0.0;
			};
		};
		93CAB69128F04EAE00E8E6F2 /* XCRemoteSwiftPackageReference "Charts" */ = {
			isa = XCRemoteSwiftPackageReference;
			repositoryURL = "https://github.com/danielgindi/Charts.git";
			requirement = {
				kind = upToNextMajorVersion;
				minimumVersion = 3.0.0;
			};
		};
/* End XCRemoteSwiftPackageReference section */

/* Begin XCSwiftPackageProductDependency section */
		93761ABC290038F600BE9EDA /* FirebaseAnalytics */ = {
			isa = XCSwiftPackageProductDependency;
			package = 93761ABB290038F600BE9EDA /* XCRemoteSwiftPackageReference "firebase-ios-sdk" */;
			productName = FirebaseAnalytics;
		};
		93761ABE290038F600BE9EDA /* FirebaseAuth */ = {
			isa = XCSwiftPackageProductDependency;
			package = 93761ABB290038F600BE9EDA /* XCRemoteSwiftPackageReference "firebase-ios-sdk" */;
			productName = FirebaseAuth;
		};
		93761AC0290038F600BE9EDA /* FirebaseFirestore */ = {
			isa = XCSwiftPackageProductDependency;
			package = 93761ABB290038F600BE9EDA /* XCRemoteSwiftPackageReference "firebase-ios-sdk" */;
			productName = FirebaseFirestore;
		};
		93761AC2290038F600BE9EDA /* FirebaseStorage */ = {
			isa = XCSwiftPackageProductDependency;
			package = 93761ABB290038F600BE9EDA /* XCRemoteSwiftPackageReference "firebase-ios-sdk" */;
			productName = FirebaseStorage;
		};
		93CAB69228F04EAE00E8E6F2 /* Charts */ = {
			isa = XCSwiftPackageProductDependency;
			package = 93CAB69128F04EAE00E8E6F2 /* XCRemoteSwiftPackageReference "Charts" */;
			productName = Charts;
		};
/* End XCSwiftPackageProductDependency section */
	};
	rootObject = 93DB6CDB28E5CE01004A0BB1 /* Project object */;
}
